
Microsoft Visual Studio Solution File, Format Version 12.00
# Visual Studio Version 17
VisualStudioVersion = 17.6.33829.357
MinimumVisualStudioVersion = 10.0.40219.1
Project("{FAE04EC0-301F-11D3-BF4B-00C04F79EFBC}") = "TextRPG", "TextRPG\TextRPG.csproj", "{DF21F744-3103-49EA-B6D8-B1A34DF3A15D}"
EndProject
Global
	GlobalSection(SolutionConfigurationPlatforms) = preSolution
		Debug|Any CPU = Debug|Any CPU
		Release|Any CPU = Release|Any CPU
	EndGlobalSection
	GlobalSection(ProjectConfigurationPlatforms) = postSolution
		{DF21F744-3103-49EA-B6D8-B1A34DF3A15D}.Debug|Any CPU.ActiveCfg = Debug|Any CPU
		{DF21F744-3103-49EA-B6D8-B1A34DF3A15D}.Debug|Any CPU.Build.0 = Debug|Any CPU
		{DF21F744-3103-49EA-B6D8-B1A34DF3A15D}.Release|Any CPU.ActiveCfg = Release|Any CPU
		{DF21F744-3103-49EA-B6D8-B1A34DF3A15D}.Release|Any CPU.Build.0 = Release|Any CPU
	EndGlobalSection
	GlobalSection(SolutionProperties) = preSolution
		HideSolutionNode = FALSE
	EndGlobalSection
	GlobalSection(ExtensibilityGlobals) = postSolution
		SolutionGuid = {54B88C9D-40C6-4E34-A280-78BB305C5FF8}
	EndGlobalSection
EndGlobal
